
Microsoft Visual Studio Solution File, Format Version 12.00
# Visual Studio 14
VisualStudioVersion = 14.0.25420.1
MinimumVisualStudioVersion = 10.0.40219.1
Project("{FAE04EC0-301F-11D3-BF4B-00C04F79EFBC}") = "social_parser", "social_parser\social_parser.csproj", "{F485364D-0C2D-4C8C-86FE-60B074C0F878}"
EndProject
Project("{54435603-DBB4-11D2-8724-00A0C9A8B90C}") = "Setup", "Setup\Setup.vdproj", "{3CD55E5A-3147-4C71-A871-6F7AB410BFC0}"
EndProject
Global
	GlobalSection(SolutionConfigurationPlatforms) = preSolution
		Debug|Any CPU = Debug|Any CPU
		Release|Any CPU = Release|Any CPU
	EndGlobalSection
	GlobalSection(ProjectConfigurationPlatforms) = postSolution
		{F485364D-0C2D-4C8C-86FE-60B074C0F878}.Debug|Any CPU.ActiveCfg = Debug|Any CPU
		{F485364D-0C2D-4C8C-86FE-60B074C0F878}.Debug|Any CPU.Build.0 = Debug|Any CPU
		{F485364D-0C2D-4C8C-86FE-60B074C0F878}.Release|Any CPU.ActiveCfg = Release|Any CPU
		{F485364D-0C2D-4C8C-86FE-60B074C0F878}.Release|Any CPU.Build.0 = Release|Any CPU
		{F485364D-0C2D-4C8C-86FE-60B074C0F878}.Release|Any CPU.Deploy.0 = Release|Any CPU
		{3CD55E5A-3147-4C71-A871-6F7AB410BFC0}.Debug|Any CPU.ActiveCfg = Debug
		{3CD55E5A-3147-4C71-A871-6F7AB410BFC0}.Release|Any CPU.ActiveCfg = Release
	EndGlobalSection
	GlobalSection(SolutionProperties) = preSolution
		HideSolutionNode = FALSE
	EndGlobalSection
EndGlobal
